
Microsoft Visual Studio Solution File, Format Version 12.00
# Visual Studio Version 17
VisualStudioVersion = 17.0.31903.59
MinimumVisualStudioVersion = 10.0.40219.1
Project("{2150E333-8FDC-42A3-9474-1A3956D46DE8}") = "src", "src", "{827E0CD3-B72D-47B6-A68D-7590B98EB39B}"
EndProject
Project("{FAE04EC0-301F-11D3-BF4B-00C04F79EFBC}") = "KamsoraAPM.Contracts", "src\KamsoraAPM.Contracts\KamsoraAPM.Contracts.csproj", "{9405073E-1FD9-4D59-880B-A51EAF4CE917}"
EndProject
Project("{FAE04EC0-301F-11D3-BF4B-00C04F79EFBC}") = "KamsoraAPM.Storage", "src\KamsoraAPM.Storage\KamsoraAPM.Storage.csproj", "{BFBC062C-8561-40C9-A85D-2422F81CA3B9}"
EndProject
Project("{FAE04EC0-301F-11D3-BF4B-00C04F79EFBC}") = "KamsoraAPM.Agent", "src\KamsoraAPM.Agent\KamsoraAPM.Agent.csproj", "{2333A870-AA79-4852-9358-D06006D197F0}"
EndProject
Project("{FAE04EC0-301F-11D3-BF4B-00C04F79EFBC}") = "KamsoraAPM.Collector", "src\KamsoraAPM.Collector\KamsoraAPM.Collector.csproj", "{36B86734-E31C-4660-8505-79882D2D76B0}"
EndProject
Project("{FAE04EC0-301F-11D3-BF4B-00C04F79EFBC}") = "KamsoraAPM.HostMonitor", "src\KamsoraAPM.HostMonitor\KamsoraAPM.HostMonitor.csproj", "{77066C12-1A70-4809-A9EE-4B5EB13CD12A}"
EndProject
Project("{FAE04EC0-301F-11D3-BF4B-00C04F79EFBC}") = "KamsoraAPM.Dashboard.Api", "src\KamsoraAPM.Dashboard.Api\KamsoraAPM.Dashboard.Api.csproj", "{8589EF65-AF7A-4088-BB21-10BC7274C6E3}"
EndProject
Project("{2150E333-8FDC-42A3-9474-1A3956D46DE8}") = "tests", "tests", "{0AB3BF05-4346-4AA6-1389-037BE0695223}"
EndProject
Project("{FAE04EC0-301F-11D3-BF4B-00C04F79EFBC}") = "KamsoraAPM.Contracts.Tests", "tests\KamsoraAPM.Contracts.Tests\KamsoraAPM.Contracts.Tests.csproj", "{F4629F6D-ACC4-4FEC-AC43-EEBD0A506296}"
EndProject
Project("{FAE04EC0-301F-11D3-BF4B-00C04F79EFBC}") = "KamsoraAPM.Agent.Tests", "tests\KamsoraAPM.Agent.Tests\KamsoraAPM.Agent.Tests.csproj", "{CC87CFF6-C8C4-4031-91DC-6F1ECFCBDF6E}"
EndProject
Project("{FAE04EC0-301F-11D3-BF4B-00C04F79EFBC}") = "KamsoraAPM.HostMonitor.Tests", "tests\KamsoraAPM.HostMonitor.Tests\KamsoraAPM.HostMonitor.Tests.csproj", "{2A7D9FC8-A45D-4806-9A1A-71870238CA39}"
EndProject
Project("{FAE04EC0-301F-11D3-BF4B-00C04F79EFBC}") = "KamsoraAPM.Collector.Tests", "tests\KamsoraAPM.Collector.Tests\KamsoraAPM.Collector.Tests.csproj", "{9DE2ACB2-C93D-4188-9BFE-60E503CA3988}"
EndProject
Project("{FAE04EC0-301F-11D3-BF4B-00C04F79EFBC}") = "KamsoraAPM.Storage.Tests", "tests\KamsoraAPM.Storage.Tests\KamsoraAPM.Storage.Tests.csproj", "{2E80565C-7AF4-4D5A-8C3F-5F09C4536D27}"
EndProject
Project("{FAE04EC0-301F-11D3-BF4B-00C04F79EFBC}") = "KamsoraAPM.Dashboard.Api.Tests", "tests\KamsoraAPM.Dashboard.Api.Tests\KamsoraAPM.Dashboard.Api.Tests.csproj", "{B22CEA89-9AFD-4729-A98B-75056B5AF15A}"
EndProject
Project("{FAE04EC0-301F-11D3-BF4B-00C04F79EFBC}") = "KamsoraAPM.Integration.Tests", "tests\KamsoraAPM.Integration.Tests\KamsoraAPM.Integration.Tests.csproj", "{6D569956-180F-4DDC-8C56-2BE0D97F50FA}"
EndProject
Project("{FAE04EC0-301F-11D3-BF4B-00C04F79EFBC}") = "KamsoraAPM.Load.Tests", "tests\KamsoraAPM.Load.Tests\KamsoraAPM.Load.Tests.csproj", "{F042DA69-D17C-47D8-BF77-34872852A8AA}"
EndProject
Project("{2150E333-8FDC-42A3-9474-1A3956D46DE8}") = "sample-apps", "sample-apps", "{9620DEB7-9EDC-A275-A5A9-C1B625303503}"
EndProject
Project("{FAE04EC0-301F-11D3-BF4B-00C04F79EFBC}") = "SampleWebApi", "sample-apps\SampleWebApi\SampleWebApi.csproj", "{5C22C408-0FE1-4842-B6F5-8C088ADD4014}"
EndProject
Global
	GlobalSection(SolutionConfigurationPlatforms) = preSolution
		Debug|Any CPU = Debug|Any CPU
		Debug|x64 = Debug|x64
		Debug|x86 = Debug|x86
		Release|Any CPU = Release|Any CPU
		Release|x64 = Release|x64
		Release|x86 = Release|x86
	EndGlobalSection
	GlobalSection(ProjectConfigurationPlatforms) = postSolution
		{9405073E-1FD9-4D59-880B-A51EAF4CE917}.Debug|Any CPU.ActiveCfg = Debug|Any CPU
		{9405073E-1FD9-4D59-880B-A51EAF4CE917}.Debug|Any CPU.Build.0 = Debug|Any CPU
		{9405073E-1FD9-4D59-880B-A51EAF4CE917}.Debug|x64.ActiveCfg = Debug|Any CPU
		{9405073E-1FD9-4D59-880B-A51EAF4CE917}.Debug|x64.Build.0 = Debug|Any CPU
		{9405073E-1FD9-4D59-880B-A51EAF4CE917}.Debug|x86.ActiveCfg = Debug|Any CPU
		{9405073E-1FD9-4D59-880B-A51EAF4CE917}.Debug|x86.Build.0 = Debug|Any CPU
		{9405073E-1FD9-4D59-880B-A51EAF4CE917}.Release|Any CPU.ActiveCfg = Release|Any CPU
		{9405073E-1FD9-4D59-880B-A51EAF4CE917}.Release|Any CPU.Build.0 = Release|Any CPU
		{9405073E-1FD9-4D59-880B-A51EAF4CE917}.Release|x64.ActiveCfg = Release|Any CPU
		{9405073E-1FD9-4D59-880B-A51EAF4CE917}.Release|x64.Build.0 = Release|Any CPU
		{9405073E-1FD9-4D59-880B-A51EAF4CE917}.Release|x86.ActiveCfg = Release|Any CPU
		{9405073E-1FD9-4D59-880B-A51EAF4CE917}.Release|x86.Build.0 = Release|Any CPU
		{BFBC062C-8561-40C9-A85D-2422F81CA3B9}.Debug|Any CPU.ActiveCfg = Debug|Any CPU
		{BFBC062C-8561-40C9-A85D-2422F81CA3B9}.Debug|Any CPU.Build.0 = Debug|Any CPU
		{BFBC062C-8561-40C9-A85D-2422F81CA3B9}.Debug|x64.ActiveCfg = Debug|Any CPU
		{BFBC062C-8561-40C9-A85D-2422F81CA3B9}.Debug|x64.Build.0 = Debug|Any CPU
		{BFBC062C-8561-40C9-A85D-2422F81CA3B9}.Debug|x86.ActiveCfg = Debug|Any CPU
		{BFBC062C-8561-40C9-A85D-2422F81CA3B9}.Debug|x86.Build.0 = Debug|Any CPU
		{BFBC062C-8561-40C9-A85D-2422F81CA3B9}.Release|Any CPU.ActiveCfg = Release|Any CPU
		{BFBC062C-8561-40C9-A85D-2422F81CA3B9}.Release|Any CPU.Build.0 = Release|Any CPU
		{BFBC062C-8561-40C9-A85D-2422F81CA3B9}.Release|x64.ActiveCfg = Release|Any CPU
		{BFBC062C-8561-40C9-A85D-2422F81CA3B9}.Release|x64.Build.0 = Release|Any CPU
		{BFBC062C-8561-40C9-A85D-2422F81CA3B9}.Release|x86.ActiveCfg = Release|Any CPU
		{BFBC062C-8561-40C9-A85D-2422F81CA3B9}.Release|x86.Build.0 = Release|Any CPU
		{2333A870-AA79-4852-9358-D06006D197F0}.Debug|Any CPU.ActiveCfg = Debug|Any CPU
		{2333A870-AA79-4852-9358-D06006D197F0}.Debug|Any CPU.Build.0 = Debug|Any CPU
		{2333A870-AA79-4852-9358-D06006D197F0}.Debug|x64.ActiveCfg = Debug|Any CPU
		{2333A870-AA79-4852-9358-D06006D197F0}.Debug|x64.Build.0 = Debug|Any CPU
		{2333A870-AA79-4852-9358-D06006D197F0}.Debug|x86.ActiveCfg = Debug|Any CPU
		{2333A870-AA79-4852-9358-D06006D197F0}.Debug|x86.Build.0 = Debug|Any CPU
		{2333A870-AA79-4852-9358-D06006D197F0}.Release|Any CPU.ActiveCfg = Release|Any CPU
		{2333A870-AA79-4852-9358-D06006D197F0}.Release|Any CPU.Build.0 = Release|Any CPU
		{2333A870-AA79-4852-9358-D06006D197F0}.Release|x64.ActiveCfg = Release|Any CPU
		{2333A870-AA79-4852-9358-D06006D197F0}.Release|x64.Build.0 = Release|Any CPU
		{2333A870-AA79-4852-9358-D06006D197F0}.Release|x86.ActiveCfg = Release|Any CPU
		{2333A870-AA79-4852-9358-D06006D197F0}.Release|x86.Build.0 = Release|Any CPU
		{36B86734-E31C-4660-8505-79882D2D76B0}.Debug|Any CPU.ActiveCfg = Debug|Any CPU
		{36B86734-E31C-4660-8505-79882D2D76B0}.Debug|Any CPU.Build.0 = Debug|Any CPU
		{36B86734-E31C-4660-8505-79882D2D76B0}.Debug|x64.ActiveCfg = Debug|Any CPU
		{36B86734-E31C-4660-8505-79882D2D76B0}.Debug|x64.Build.0 = Debug|Any CPU
		{36B86734-E31C-4660-8505-79882D2D76B0}.Debug|x86.ActiveCfg = Debug|Any CPU
		{36B86734-E31C-4660-8505-79882D2D76B0}.Debug|x86.Build.0 = Debug|Any CPU
		{36B86734-E31C-4660-8505-79882D2D76B0}.Release|Any CPU.ActiveCfg = Release|Any CPU
		{36B86734-E31C-4660-8505-79882D2D76B0}.Release|Any CPU.Build.0 = Release|Any CPU
		{36B86734-E31C-4660-8505-79882D2D76B0}.Release|x64.ActiveCfg = Release|Any CPU
		{36B86734-E31C-4660-8505-79882D2D76B0}.Release|x64.Build.0 = Release|Any CPU
		{36B86734-E31C-4660-8505-79882D2D76B0}.Release|x86.ActiveCfg = Release|Any CPU
		{36B86734-E31C-4660-8505-79882D2D76B0}.Release|x86.Build.0 = Release|Any CPU
		{77066C12-1A70-4809-A9EE-4B5EB13CD12A}.Debug|Any CPU.ActiveCfg = Debug|Any CPU
		{77066C12-1A70-4809-A9EE-4B5EB13CD12A}.Debug|Any CPU.Build.0 = Debug|Any CPU
		{77066C12-1A70-4809-A9EE-4B5EB13CD12A}.Debug|x64.ActiveCfg = Debug|Any CPU
		{77066C12-1A70-4809-A9EE-4B5EB13CD12A}.Debug|x64.Build.0 = Debug|Any CPU
		{77066C12-1A70-4809-A9EE-4B5EB13CD12A}.Debug|x86.ActiveCfg = Debug|Any CPU
		{77066C12-1A70-4809-A9EE-4B5EB13CD12A}.Debug|x86.Build.0 = Debug|Any CPU
		{77066C12-1A70-4809-A9EE-4B5EB13CD12A}.Release|Any CPU.ActiveCfg = Release|Any CPU
		{77066C12-1A70-4809-A9EE-4B5EB13CD12A}.Release|Any CPU.Build.0 = Release|Any CPU
		{77066C12-1A70-4809-A9EE-4B5EB13CD12A}.Release|x64.ActiveCfg = Release|Any CPU
		{77066C12-1A70-4809-A9EE-4B5EB13CD12A}.Release|x64.Build.0 = Release|Any CPU
		{77066C12-1A70-4809-A9EE-4B5EB13CD12A}.Release|x86.ActiveCfg = Release|Any CPU
		{77066C12-1A70-4809-A9EE-4B5EB13CD12A}.Release|x86.Build.0 = Release|Any CPU
		{8589EF65-AF7A-4088-BB21-10BC7274C6E3}.Debug|Any CPU.ActiveCfg = Debug|Any CPU
		{8589EF65-AF7A-4088-BB21-10BC7274C6E3}.Debug|Any CPU.Build.0 = Debug|Any CPU
		{8589EF65-AF7A-4088-BB21-10BC7274C6E3}.Debug|x64.ActiveCfg = Debug|Any CPU
		{8589EF65-AF7A-4088-BB21-10BC7274C6E3}.Debug|x64.Build.0 = Debug|Any CPU
		{8589EF65-AF7A-4088-BB21-10BC7274C6E3}.Debug|x86.ActiveCfg = Debug|Any CPU
		{8589EF65-AF7A-4088-BB21-10BC7274C6E3}.Debug|x86.Build.0 = Debug|Any CPU
		{8589EF65-AF7A-4088-BB21-10BC7274C6E3}.Release|Any CPU.ActiveCfg = Release|Any CPU
		{8589EF65-AF7A-4088-BB21-10BC7274C6E3}.Release|Any CPU.Build.0 = Release|Any CPU
		{8589EF65-AF7A-4088-BB21-10BC7274C6E3}.Release|x64.ActiveCfg = Release|Any CPU
		{8589EF65-AF7A-4088-BB21-10BC7274C6E3}.Release|x64.Build.0 = Release|Any CPU
		{8589EF65-AF7A-4088-BB21-10BC7274C6E3}.Release|x86.ActiveCfg = Release|Any CPU
		{8589EF65-AF7A-4088-BB21-10BC7274C6E3}.Release|x86.Build.0 = Release|Any CPU
		{F4629F6D-ACC4-4FEC-AC43-EEBD0A506296}.Debug|Any CPU.ActiveCfg = Debug|Any CPU
		{F4629F6D-ACC4-4FEC-AC43-EEBD0A506296}.Debug|Any CPU.Build.0 = Debug|Any CPU
		{F4629F6D-ACC4-4FEC-AC43-EEBD0A506296}.Debug|x64.ActiveCfg = Debug|Any CPU
		{F4629F6D-ACC4-4FEC-AC43-EEBD0A506296}.Debug|x64.Build.0 = Debug|Any CPU
		{F4629F6D-ACC4-4FEC-AC43-EEBD0A506296}.Debug|x86.ActiveCfg = Debug|Any CPU
		{F4629F6D-ACC4-4FEC-AC43-EEBD0A506296}.Debug|x86.Build.0 = Debug|Any CPU
		{F4629F6D-ACC4-4FEC-AC43-EEBD0A506296}.Release|Any CPU.ActiveCfg = Release|Any CPU
		{F4629F6D-ACC4-4FEC-AC43-EEBD0A506296}.Release|Any CPU.Build.0 = Release|Any CPU
		{F4629F6D-ACC4-4FEC-AC43-EEBD0A506296}.Release|x64.ActiveCfg = Release|Any CPU
		{F4629F6D-ACC4-4FEC-AC43-EEBD0A506296}.Release|x64.Build.0 = Release|Any CPU
		{F4629F6D-ACC4-4FEC-AC43-EEBD0A506296}.Release|x86.ActiveCfg = Release|Any CPU
		{F4629F6D-ACC4-4FEC-AC43-EEBD0A506296}.Release|x86.Build.0 = Release|Any CPU
		{CC87CFF6-C8C4-4031-91DC-6F1ECFCBDF6E}.Debug|Any CPU.ActiveCfg = Debug|Any CPU
		{CC87CFF6-C8C4-4031-91DC-6F1ECFCBDF6E}.Debug|Any CPU.Build.0 = Debug|Any CPU
		{CC87CFF6-C8C4-4031-91DC-6F1ECFCBDF6E}.Debug|x64.ActiveCfg = Debug|Any CPU
		{CC87CFF6-C8C4-4031-91DC-6F1ECFCBDF6E}.Debug|x64.Build.0 = Debug|Any CPU
		{CC87CFF6-C8C4-4031-91DC-6F1ECFCBDF6E}.Debug|x86.ActiveCfg = Debug|Any CPU
		{CC87CFF6-C8C4-4031-91DC-6F1ECFCBDF6E}.Debug|x86.Build.0 = Debug|Any CPU
		{CC87CFF6-C8C4-4031-91DC-6F1ECFCBDF6E}.Release|Any CPU.ActiveCfg = Release|Any CPU
		{CC87CFF6-C8C4-4031-91DC-6F1ECFCBDF6E}.Release|Any CPU.Build.0 = Release|Any CPU
		{CC87CFF6-C8C4-4031-91DC-6F1ECFCBDF6E}.Release|x64.ActiveCfg = Release|Any CPU
		{CC87CFF6-C8C4-4031-91DC-6F1ECFCBDF6E}.Release|x64.Build.0 = Release|Any CPU
		{CC87CFF6-C8C4-4031-91DC-6F1ECFCBDF6E}.Release|x86.ActiveCfg = Release|Any CPU
		{CC87CFF6-C8C4-4031-91DC-6F1ECFCBDF6E}.Release|x86.Build.0 = Release|Any CPU
		{2A7D9FC8-A45D-4806-9A1A-71870238CA39}.Debug|Any CPU.ActiveCfg = Debug|Any CPU
		{2A7D9FC8-A45D-4806-9A1A-71870238CA39}.Debug|Any CPU.Build.0 = Debug|Any CPU
		{2A7D9FC8-A45D-4806-9A1A-71870238CA39}.Debug|x64.ActiveCfg = Debug|Any CPU
		{2A7D9FC8-A45D-4806-9A1A-71870238CA39}.Debug|x64.Build.0 = Debug|Any CPU
		{2A7D9FC8-A45D-4806-9A1A-71870238CA39}.Debug|x86.ActiveCfg = Debug|Any CPU
		{2A7D9FC8-A45D-4806-9A1A-71870238CA39}.Debug|x86.Build.0 = Debug|Any CPU
		{2A7D9FC8-A45D-4806-9A1A-71870238CA39}.Release|Any CPU.ActiveCfg = Release|Any CPU
		{2A7D9FC8-A45D-4806-9A1A-71870238CA39}.Release|Any CPU.Build.0 = Release|Any CPU
		{2A7D9FC8-A45D-4806-9A1A-71870238CA39}.Release|x64.ActiveCfg = Release|Any CPU
		{2A7D9FC8-A45D-4806-9A1A-71870238CA39}.Release|x64.Build.0 = Release|Any CPU
		{2A7D9FC8-A45D-4806-9A1A-71870238CA39}.Release|x86.ActiveCfg = Release|Any CPU
		{2A7D9FC8-A45D-4806-9A1A-71870238CA39}.Release|x86.Build.0 = Release|Any CPU
		{9DE2ACB2-C93D-4188-9BFE-60E503CA3988}.Debug|Any CPU.ActiveCfg = Debug|Any CPU
		{9DE2ACB2-C93D-4188-9BFE-60E503CA3988}.Debug|Any CPU.Build.0 = Debug|Any CPU
		{9DE2ACB2-C93D-4188-9BFE-60E503CA3988}.Debug|x64.ActiveCfg = Debug|Any CPU
		{9DE2ACB2-C93D-4188-9BFE-60E503CA3988}.Debug|x64.Build.0 = Debug|Any CPU
		{9DE2ACB2-C93D-4188-9BFE-60E503CA3988}.Debug|x86.ActiveCfg = Debug|Any CPU
		{9DE2ACB2-C93D-4188-9BFE-60E503CA3988}.Debug|x86.Build.0 = Debug|Any CPU
		{9DE2ACB2-C93D-4188-9BFE-60E503CA3988}.Release|Any CPU.ActiveCfg = Release|Any CPU
		{9DE2ACB2-C93D-4188-9BFE-60E503CA3988}.Release|Any CPU.Build.0 = Release|Any CPU
		{9DE2ACB2-C93D-4188-9BFE-60E503CA3988}.Release|x64.ActiveCfg = Release|Any CPU
		{9DE2ACB2-C93D-4188-9BFE-60E503CA3988}.Release|x64.Build.0 = Release|Any CPU
		{9DE2ACB2-C93D-4188-9BFE-60E503CA3988}.Release|x86.ActiveCfg = Release|Any CPU
		{9DE2ACB2-C93D-4188-9BFE-60E503CA3988}.Release|x86.Build.0 = Release|Any CPU
		{2E80565C-7AF4-4D5A-8C3F-5F09C4536D27}.Debug|Any CPU.ActiveCfg = Debug|Any CPU
		{2E80565C-7AF4-4D5A-8C3F-5F09C4536D27}.Debug|Any CPU.Build.0 = Debug|Any CPU
		{2E80565C-7AF4-4D5A-8C3F-5F09C4536D27}.Debug|x64.ActiveCfg = Debug|Any CPU
		{2E80565C-7AF4-4D5A-8C3F-5F09C4536D27}.Debug|x64.Build.0 = Debug|Any CPU
		{2E80565C-7AF4-4D5A-8C3F-5F09C4536D27}.Debug|x86.ActiveCfg = Debug|Any CPU
		{2E80565C-7AF4-4D5A-8C3F-5F09C4536D27}.Debug|x86.Build.0 = Debug|Any CPU
		{2E80565C-7AF4-4D5A-8C3F-5F09C4536D27}.Release|Any CPU.ActiveCfg = Release|Any CPU
		{2E80565C-7AF4-4D5A-8C3F-5F09C4536D27}.Release|Any CPU.Build.0 = Release|Any CPU
		{2E80565C-7AF4-4D5A-8C3F-5F09C4536D27}.Release|x64.ActiveCfg = Release|Any CPU
		{2E80565C-7AF4-4D5A-8C3F-5F09C4536D27}.Release|x64.Build.0 = Release|Any CPU
		{2E80565C-7AF4-4D5A-8C3F-5F09C4536D27}.Release|x86.ActiveCfg = Release|Any CPU
		{2E80565C-7AF4-4D5A-8C3F-5F09C4536D27}.Release|x86.Build.0 = Release|Any CPU
		{B22CEA89-9AFD-4729-A98B-75056B5AF15A}.Debug|Any CPU.ActiveCfg = Debug|Any CPU
		{B22CEA89-9AFD-4729-A98B-75056B5AF15A}.Debug|Any CPU.Build.0 = Debug|Any CPU
		{B22CEA89-9AFD-4729-A98B-75056B5AF15A}.Debug|x64.ActiveCfg = Debug|Any CPU
		{B22CEA89-9AFD-4729-A98B-75056B5AF15A}.Debug|x64.Build.0 = Debug|Any CPU
		{B22CEA89-9AFD-4729-A98B-75056B5AF15A}.Debug|x86.ActiveCfg = Debug|Any CPU
		{B22CEA89-9AFD-4729-A98B-75056B5AF15A}.Debug|x86.Build.0 = Debug|Any CPU
		{B22CEA89-9AFD-4729-A98B-75056B5AF15A}.Release|Any CPU.ActiveCfg = Release|Any CPU
		{B22CEA89-9AFD-4729-A98B-75056B5AF15A}.Release|Any CPU.Build.0 = Release|Any CPU
		{B22CEA89-9AFD-4729-A98B-75056B5AF15A}.Release|x64.ActiveCfg = Release|Any CPU
		{B22CEA89-9AFD-4729-A98B-75056B5AF15A}.Release|x64.Build.0 = Release|Any CPU
		{B22CEA89-9AFD-4729-A98B-75056B5AF15A}.Release|x86.ActiveCfg = Release|Any CPU
		{B22CEA89-9AFD-4729-A98B-75056B5AF15A}.Release|x86.Build.0 = Release|Any CPU
		{6D569956-180F-4DDC-8C56-2BE0D97F50FA}.Debug|Any CPU.ActiveCfg = Debug|Any CPU
		{6D569956-180F-4DDC-8C56-2BE0D97F50FA}.Debug|Any CPU.Build.0 = Debug|Any CPU
		{6D569956-180F-4DDC-8C56-2BE0D97F50FA}.Debug|x64.ActiveCfg = Debug|Any CPU
		{6D569956-180F-4DDC-8C56-2BE0D97F50FA}.Debug|x64.Build.0 = Debug|Any CPU
		{6D569956-180F-4DDC-8C56-2BE0D97F50FA}.Debug|x86.ActiveCfg = Debug|Any CPU
		{6D569956-180F-4DDC-8C56-2BE0D97F50FA}.Debug|x86.Build.0 = Debug|Any CPU
		{6D569956-180F-4DDC-8C56-2BE0D97F50FA}.Release|Any CPU.ActiveCfg = Release|Any CPU
		{6D569956-180F-4DDC-8C56-2BE0D97F50FA}.Release|Any CPU.Build.0 = Release|Any CPU
		{6D569956-180F-4DDC-8C56-2BE0D97F50FA}.Release|x64.ActiveCfg = Release|Any CPU
		{6D569956-180F-4DDC-8C56-2BE0D97F50FA}.Release|x64.Build.0 = Release|Any CPU
		{6D569956-180F-4DDC-8C56-2BE0D97F50FA}.Release|x86.ActiveCfg = Release|Any CPU
		{6D569956-180F-4DDC-8C56-2BE0D97F50FA}.Release|x86.Build.0 = Release|Any CPU
		{F042DA69-D17C-47D8-BF77-34872852A8AA}.Debug|Any CPU.ActiveCfg = Debug|Any CPU
		{F042DA69-D17C-47D8-BF77-34872852A8AA}.Debug|Any CPU.Build.0 = Debug|Any CPU
		{F042DA69-D17C-47D8-BF77-34872852A8AA}.Debug|x64.ActiveCfg = Debug|Any CPU
		{F042DA69-D17C-47D8-BF77-34872852A8AA}.Debug|x64.Build.0 = Debug|Any CPU
		{F042DA69-D17C-47D8-BF77-34872852A8AA}.Debug|x86.ActiveCfg = Debug|Any CPU
		{F042DA69-D17C-47D8-BF77-34872852A8AA}.Debug|x86.Build.0 = Debug|Any CPU
		{F042DA69-D17C-47D8-BF77-34872852A8AA}.Release|Any CPU.ActiveCfg = Release|Any CPU
		{F042DA69-D17C-47D8-BF77-34872852A8AA}.Release|Any CPU.Build.0 = Release|Any CPU
		{F042DA69-D17C-47D8-BF77-34872852A8AA}.Release|x64.ActiveCfg = Release|Any CPU
		{F042DA69-D17C-47D8-BF77-34872852A8AA}.Release|x64.Build.0 = Release|Any CPU
		{F042DA69-D17C-47D8-BF77-34872852A8AA}.Release|x86.ActiveCfg = Release|Any CPU
		{F042DA69-D17C-47D8-BF77-34872852A8AA}.Release|x86.Build.0 = Release|Any CPU
		{5C22C408-0FE1-4842-B6F5-8C088ADD4014}.Debug|Any CPU.ActiveCfg = Debug|Any CPU
		{5C22C408-0FE1-4842-B6F5-8C088ADD4014}.Debug|Any CPU.Build.0 = Debug|Any CPU
		{5C22C408-0FE1-4842-B6F5-8C088ADD4014}.Debug|x64.ActiveCfg = Debug|Any CPU
		{5C22C408-0FE1-4842-B6F5-8C088ADD4014}.Debug|x64.Build.0 = Debug|Any CPU
		{5C22C408-0FE1-4842-B6F5-8C088ADD4014}.Debug|x86.ActiveCfg = Debug|Any CPU
		{5C22C408-0FE1-4842-B6F5-8C088ADD4014}.Debug|x86.Build.0 = Debug|Any CPU
		{5C22C408-0FE1-4842-B6F5-8C088ADD4014}.Release|Any CPU.ActiveCfg = Release|Any CPU
		{5C22C408-0FE1-4842-B6F5-8C088ADD4014}.Release|Any CPU.Build.0 = Release|Any CPU
		{5C22C408-0FE1-4842-B6F5-8C088ADD4014}.Release|x64.ActiveCfg = Release|Any CPU
		{5C22C408-0FE1-4842-B6F5-8C088ADD4014}.Release|x64.Build.0 = Release|Any CPU
		{5C22C408-0FE1-4842-B6F5-8C088ADD4014}.Release|x86.ActiveCfg = Release|Any CPU
		{5C22C408-0FE1-4842-B6F5-8C088ADD4014}.Release|x86.Build.0 = Release|Any CPU
	EndGlobalSection
	GlobalSection(SolutionProperties) = preSolution
		HideSolutionNode = FALSE
	EndGlobalSection
	GlobalSection(NestedProjects) = preSolution
		{9405073E-1FD9-4D59-880B-A51EAF4CE917} = {827E0CD3-B72D-47B6-A68D-7590B98EB39B}
		{BFBC062C-8561-40C9-A85D-2422F81CA3B9} = {827E0CD3-B72D-47B6-A68D-7590B98EB39B}
		{2333A870-AA79-4852-9358-D06006D197F0} = {827E0CD3-B72D-47B6-A68D-7590B98EB39B}
		{36B86734-E31C-4660-8505-79882D2D76B0} = {827E0CD3-B72D-47B6-A68D-7590B98EB39B}
		{77066C12-1A70-4809-A9EE-4B5EB13CD12A} = {827E0CD3-B72D-47B6-A68D-7590B98EB39B}
		{8589EF65-AF7A-4088-BB21-10BC7274C6E3} = {827E0CD3-B72D-47B6-A68D-7590B98EB39B}
		{F4629F6D-ACC4-4FEC-AC43-EEBD0A506296} = {0AB3BF05-4346-4AA6-1389-037BE0695223}
		{CC87CFF6-C8C4-4031-91DC-6F1ECFCBDF6E} = {0AB3BF05-4346-4AA6-1389-037BE0695223}
		{2A7D9FC8-A45D-4806-9A1A-71870238CA39} = {0AB3BF05-4346-4AA6-1389-037BE0695223}
		{9DE2ACB2-C93D-4188-9BFE-60E503CA3988} = {0AB3BF05-4346-4AA6-1389-037BE0695223}
		{2E80565C-7AF4-4D5A-8C3F-5F09C4536D27} = {0AB3BF05-4346-4AA6-1389-037BE0695223}
		{B22CEA89-9AFD-4729-A98B-75056B5AF15A} = {0AB3BF05-4346-4AA6-1389-037BE0695223}
		{6D569956-180F-4DDC-8C56-2BE0D97F50FA} = {0AB3BF05-4346-4AA6-1389-037BE0695223}
		{F042DA69-D17C-47D8-BF77-34872852A8AA} = {0AB3BF05-4346-4AA6-1389-037BE0695223}
		{5C22C408-0FE1-4842-B6F5-8C088ADD4014} = {9620DEB7-9EDC-A275-A5A9-C1B625303503}
	EndGlobalSection
EndGlobal
